// !$*UTF8*$!
{
	archiveVersion = 1;
	classes = {
	};
	objectVersion = 51;
	objects = {

/* Begin PBXBuildFile section */
		8D2929D7B7293A432F127993 /* Pods_saltsideTests.framework in Frameworks */ = {isa = PBXBuildFile; fileRef = 656F8638D79F6AB524B424D8 /* Pods_saltsideTests.framework */; };
		D022F12DDAEA826F0B74E32C /* Pods_saltside_saltsideUITests.framework in Frameworks */ = {isa = PBXBuildFile; fileRef = C7CEC478ECE5F93CE29077A3 /* Pods_saltside_saltsideUITests.framework */; };
		E0F9D9E025E2B0670056CFC5 /* AppDelegate.swift in Sources */ = {isa = PBXBuildFile; fileRef = E0F9D9DF25E2B0670056CFC5 /* AppDelegate.swift */; };
		E0F9D9E225E2B0670056CFC5 /* SceneDelegate.swift in Sources */ = {isa = PBXBuildFile; fileRef = E0F9D9E125E2B0670056CFC5 /* SceneDelegate.swift */; };
		E0F9D9E725E2B0670056CFC5 /* Main.storyboard in Resources */ = {isa = PBXBuildFile; fileRef = E0F9D9E525E2B0670056CFC5 /* Main.storyboard */; };
		E0F9D9EA25E2B0670056CFC5 /* saltside.xcdatamodeld in Sources */ = {isa = PBXBuildFile; fileRef = E0F9D9E825E2B0670056CFC5 /* saltside.xcdatamodeld */; };
		E0F9D9EC25E2B06A0056CFC5 /* Assets.xcassets in Resources */ = {isa = PBXBuildFile; fileRef = E0F9D9EB25E2B06A0056CFC5 /* Assets.xcassets */; };
		E0F9D9EF25E2B06A0056CFC5 /* LaunchScreen.storyboard in Resources */ = {isa = PBXBuildFile; fileRef = E0F9D9ED25E2B06A0056CFC5 /* LaunchScreen.storyboard */; };
		E0F9D9FA25E2B06B0056CFC5 /* saltsideTests.swift in Sources */ = {isa = PBXBuildFile; fileRef = E0F9D9F925E2B06B0056CFC5 /* saltsideTests.swift */; };
		E0F9DA0525E2B06B0056CFC5 /* saltsideUITests.swift in Sources */ = {isa = PBXBuildFile; fileRef = E0F9DA0425E2B06B0056CFC5 /* saltsideUITests.swift */; };
		E0F9DA1C25E2B6930056CFC5 /* ListViewController.swift in Sources */ = {isa = PBXBuildFile; fileRef = E0F9DA1B25E2B6930056CFC5 /* ListViewController.swift */; };
		E0F9DA2225E2B8B50056CFC5 /* ItemCollectionViewCell.swift in Sources */ = {isa = PBXBuildFile; fileRef = E0F9DA2125E2B8B50056CFC5 /* ItemCollectionViewCell.swift */; };
		E0F9DA2425E2B9130056CFC5 /* CardView.swift in Sources */ = {isa = PBXBuildFile; fileRef = E0F9DA2325E2B9130056CFC5 /* CardView.swift */; };
		E0F9DA2625E2BA980056CFC5 /* UIView+Ext.swift in Sources */ = {isa = PBXBuildFile; fileRef = E0F9DA2525E2BA980056CFC5 /* UIView+Ext.swift */; };
		E0F9DA2825E2BE1B0056CFC5 /* NetworkManager.swift in Sources */ = {isa = PBXBuildFile; fileRef = E0F9DA2725E2BE1B0056CFC5 /* NetworkManager.swift */; };
		E0F9DA2A25E2BF220056CFC5 /* ItemDetail.swift in Sources */ = {isa = PBXBuildFile; fileRef = E0F9DA2925E2BF220056CFC5 /* ItemDetail.swift */; };
		E0F9DA2C25E2BF980056CFC5 /* SSErrors.swift in Sources */ = {isa = PBXBuildFile; fileRef = E0F9DA2B25E2BF980056CFC5 /* SSErrors.swift */; };
		E0F9DA2E25E2BFCC0056CFC5 /* Urls.swift in Sources */ = {isa = PBXBuildFile; fileRef = E0F9DA2D25E2BFCC0056CFC5 /* Urls.swift */; };
		E0F9DA3025E2C1030056CFC5 /* UIViewController+Ext.swift in Sources */ = {isa = PBXBuildFile; fileRef = E0F9DA2F25E2C1030056CFC5 /* UIViewController+Ext.swift */; };
		E0F9DA3225E2C17F0056CFC5 /* SpinnerView.swift in Sources */ = {isa = PBXBuildFile; fileRef = E0F9DA3125E2C17F0056CFC5 /* SpinnerView.swift */; };
		E0F9DA3425E2C1F40056CFC5 /* ColourExtentions.swift in Sources */ = {isa = PBXBuildFile; fileRef = E0F9DA3325E2C1F40056CFC5 /* ColourExtentions.swift */; };
		E0F9DA3625E2C22D0056CFC5 /* SSAlertVC.swift in Sources */ = {isa = PBXBuildFile; fileRef = E0F9DA3525E2C22D0056CFC5 /* SSAlertVC.swift */; };
		E0F9DA3825E2C2760056CFC5 /* Constants.swift in Sources */ = {isa = PBXBuildFile; fileRef = E0F9DA3725E2C2760056CFC5 /* Constants.swift */; };
		E0F9DA3A25E2CCC70056CFC5 /* ItemDetailViewModel.swift in Sources */ = {isa = PBXBuildFile; fileRef = E0F9DA3925E2CCC70056CFC5 /* ItemDetailViewModel.swift */; };
		EC6B2E89207BB658DBCC55CA /* Pods_saltside.framework in Frameworks */ = {isa = PBXBuildFile; fileRef = 0C80299D9461E18E0344B1F5 /* Pods_saltside.framework */; };
/* End PBXBuildFile section */

/* Begin PBXContainerItemProxy section */
		E0F9D9F625E2B06B0056CFC5 /* PBXContainerItemProxy */ = {
			isa = PBXContainerItemProxy;
			containerPortal = E0F9D9D425E2B0670056CFC5 /* Project object */;
			proxyType = 1;
			remoteGlobalIDString = E0F9D9DB25E2B0670056CFC5;
			remoteInfo = saltside;
		};
		E0F9DA0125E2B06B0056CFC5 /* PBXContainerItemProxy */ = {
			isa = PBXContainerItemProxy;
			containerPortal = E0F9D9D425E2B0670056CFC5 /* Project object */;
			proxyType = 1;
			remoteGlobalIDString = E0F9D9DB25E2B0670056CFC5;
			remoteInfo = saltside;
		};
/* End PBXContainerItemProxy section */

/* Begin PBXFileReference section */
		0C80299D9461E18E0344B1F5 /* Pods_saltside.framework */ = {isa = PBXFileReference; explicitFileType = wrapper.framework; includeInIndex = 0; path = Pods_saltside.framework; sourceTree = BUILT_PRODUCTS_DIR; };
		656F8638D79F6AB524B424D8 /* Pods_saltsideTests.framework */ = {isa = PBXFileReference; explicitFileType = wrapper.framework; includeInIndex = 0; path = Pods_saltsideTests.framework; sourceTree = BUILT_PRODUCTS_DIR; };
		6C9B915BB7DA7F3F28305420 /* Pods-saltside.release.xcconfig */ = {isa = PBXFileReference; includeInIndex = 1; lastKnownFileType = text.xcconfig; name = "Pods-saltside.release.xcconfig"; path = "Target Support Files/Pods-saltside/Pods-saltside.release.xcconfig"; sourceTree = "<group>"; };
		725F2AED41720983D615A1C4 /* Pods-saltsideTests.release.xcconfig */ = {isa = PBXFileReference; includeInIndex = 1; lastKnownFileType = text.xcconfig; name = "Pods-saltsideTests.release.xcconfig"; path = "Target Support Files/Pods-saltsideTests/Pods-saltsideTests.release.xcconfig"; sourceTree = "<group>"; };
		7FAB49C6E6AACA6D2B73AA5E /* Pods-saltside-saltsideUITests.debug.xcconfig */ = {isa = PBXFileReference; includeInIndex = 1; lastKnownFileType = text.xcconfig; name = "Pods-saltside-saltsideUITests.debug.xcconfig"; path = "Target Support Files/Pods-saltside-saltsideUITests/Pods-saltside-saltsideUITests.debug.xcconfig"; sourceTree = "<group>"; };
		C5BD538BC30D99D48B6BADE6 /* Pods-saltside.debug.xcconfig */ = {isa = PBXFileReference; includeInIndex = 1; lastKnownFileType = text.xcconfig; name = "Pods-saltside.debug.xcconfig"; path = "Target Support Files/Pods-saltside/Pods-saltside.debug.xcconfig"; sourceTree = "<group>"; };
		C7CEC478ECE5F93CE29077A3 /* Pods_saltside_saltsideUITests.framework */ = {isa = PBXFileReference; explicitFileType = wrapper.framework; includeInIndex = 0; path = Pods_saltside_saltsideUITests.framework; sourceTree = BUILT_PRODUCTS_DIR; };
		DF4AFAB0AB4CB64BA44EF673 /* Pods-saltsideTests.debug.xcconfig */ = {isa = PBXFileReference; includeInIndex = 1; lastKnownFileType = text.xcconfig; name = "Pods-saltsideTests.debug.xcconfig"; path = "Target Support Files/Pods-saltsideTests/Pods-saltsideTests.debug.xcconfig"; sourceTree = "<group>"; };
		E0F9D9DC25E2B0670056CFC5 /* saltside.app */ = {isa = PBXFileReference; explicitFileType = wrapper.application; includeInIndex = 0; path = saltside.app; sourceTree = BUILT_PRODUCTS_DIR; };
		E0F9D9DF25E2B0670056CFC5 /* AppDelegate.swift */ = {isa = PBXFileReference; lastKnownFileType = sourcecode.swift; path = AppDelegate.swift; sourceTree = "<group>"; };
		E0F9D9E125E2B0670056CFC5 /* SceneDelegate.swift */ = {isa = PBXFileReference; lastKnownFileType = sourcecode.swift; path = SceneDelegate.swift; sourceTree = "<group>"; };
		E0F9D9E625E2B0670056CFC5 /* Base */ = {isa = PBXFileReference; lastKnownFileType = file.storyboard; name = Base; path = Base.lproj/Main.storyboard; sourceTree = "<group>"; };
		E0F9D9E925E2B0670056CFC5 /* saltside.xcdatamodel */ = {isa = PBXFileReference; lastKnownFileType = wrapper.xcdatamodel; path = saltside.xcdatamodel; sourceTree = "<group>"; };
		E0F9D9EB25E2B06A0056CFC5 /* Assets.xcassets */ = {isa = PBXFileReference; lastKnownFileType = folder.assetcatalog; path = Assets.xcassets; sourceTree = "<group>"; };
		E0F9D9EE25E2B06A0056CFC5 /* Base */ = {isa = PBXFileReference; lastKnownFileType = file.storyboard; name = Base; path = Base.lproj/LaunchScreen.storyboard; sourceTree = "<group>"; };
		E0F9D9F025E2B06A0056CFC5 /* Info.plist */ = {isa = PBXFileReference; lastKnownFileType = text.plist.xml; path = Info.plist; sourceTree = "<group>"; };
		E0F9D9F525E2B06B0056CFC5 /* saltsideTests.xctest */ = {isa = PBXFileReference; explicitFileType = wrapper.cfbundle; includeInIndex = 0; path = saltsideTests.xctest; sourceTree = BUILT_PRODUCTS_DIR; };
		E0F9D9F925E2B06B0056CFC5 /* saltsideTests.swift */ = {isa = PBXFileReference; lastKnownFileType = sourcecode.swift; path = saltsideTests.swift; sourceTree = "<group>"; };
		E0F9D9FB25E2B06B0056CFC5 /* Info.plist */ = {isa = PBXFileReference; lastKnownFileType = text.plist.xml; path = Info.plist; sourceTree = "<group>"; };
		E0F9DA0025E2B06B0056CFC5 /* saltsideUITests.xctest */ = {isa = PBXFileReference; explicitFileType = wrapper.cfbundle; includeInIndex = 0; path = saltsideUITests.xctest; sourceTree = BUILT_PRODUCTS_DIR; };
		E0F9DA0425E2B06B0056CFC5 /* saltsideUITests.swift */ = {isa = PBXFileReference; lastKnownFileType = sourcecode.swift; path = saltsideUITests.swift; sourceTree = "<group>"; };
		E0F9DA0625E2B06B0056CFC5 /* Info.plist */ = {isa = PBXFileReference; lastKnownFileType = text.plist.xml; path = Info.plist; sourceTree = "<group>"; };
		E0F9DA1B25E2B6930056CFC5 /* ListViewController.swift */ = {isa = PBXFileReference; lastKnownFileType = sourcecode.swift; path = ListViewController.swift; sourceTree = "<group>"; };
		E0F9DA2125E2B8B50056CFC5 /* ItemCollectionViewCell.swift */ = {isa = PBXFileReference; lastKnownFileType = sourcecode.swift; path = ItemCollectionViewCell.swift; sourceTree = "<group>"; };
		E0F9DA2325E2B9130056CFC5 /* CardView.swift */ = {isa = PBXFileReference; lastKnownFileType = sourcecode.swift; path = CardView.swift; sourceTree = "<group>"; };
		E0F9DA2525E2BA980056CFC5 /* UIView+Ext.swift */ = {isa = PBXFileReference; lastKnownFileType = sourcecode.swift; path = "UIView+Ext.swift"; sourceTree = "<group>"; };
		E0F9DA2725E2BE1B0056CFC5 /* NetworkManager.swift */ = {isa = PBXFileReference; lastKnownFileType = sourcecode.swift; path = NetworkManager.swift; sourceTree = "<group>"; };
		E0F9DA2925E2BF220056CFC5 /* ItemDetail.swift */ = {isa = PBXFileReference; lastKnownFileType = sourcecode.swift; path = ItemDetail.swift; sourceTree = "<group>"; };
		E0F9DA2B25E2BF980056CFC5 /* SSErrors.swift */ = {isa = PBXFileReference; lastKnownFileType = sourcecode.swift; path = SSErrors.swift; sourceTree = "<group>"; };
		E0F9DA2D25E2BFCC0056CFC5 /* Urls.swift */ = {isa = PBXFileReference; lastKnownFileType = sourcecode.swift; path = Urls.swift; sourceTree = "<group>"; };
		E0F9DA2F25E2C1030056CFC5 /* UIViewController+Ext.swift */ = {isa = PBXFileReference; lastKnownFileType = sourcecode.swift; path = "UIViewController+Ext.swift"; sourceTree = "<group>"; };
		E0F9DA3125E2C17F0056CFC5 /* SpinnerView.swift */ = {isa = PBXFileReference; lastKnownFileType = sourcecode.swift; path = SpinnerView.swift; sourceTree = "<group>"; };
		E0F9DA3325E2C1F40056CFC5 /* ColourExtentions.swift */ = {isa = PBXFileReference; lastKnownFileType = sourcecode.swift; path = ColourExtentions.swift; sourceTree = "<group>"; };
		E0F9DA3525E2C22D0056CFC5 /* SSAlertVC.swift */ = {isa = PBXFileReference; lastKnownFileType = sourcecode.swift; path = SSAlertVC.swift; sourceTree = "<group>"; };
		E0F9DA3725E2C2760056CFC5 /* Constants.swift */ = {isa = PBXFileReference; lastKnownFileType = sourcecode.swift; path = Constants.swift; sourceTree = "<group>"; };
		E0F9DA3925E2CCC70056CFC5 /* ItemDetailViewModel.swift */ = {isa = PBXFileReference; lastKnownFileType = sourcecode.swift; path = ItemDetailViewModel.swift; sourceTree = "<group>"; };
		E15D11A23CD059A68B0CDF26 /* Pods-saltside-saltsideUITests.release.xcconfig */ = {isa = PBXFileReference; includeInIndex = 1; lastKnownFileType = text.xcconfig; name = "Pods-saltside-saltsideUITests.release.xcconfig"; path = "Target Support Files/Pods-saltside-saltsideUITests/Pods-saltside-saltsideUITests.release.xcconfig"; sourceTree = "<group>"; };
/* End PBXFileReference section */

/* Begin PBXFrameworksBuildPhase section */
		E0F9D9D925E2B0670056CFC5 /* Frameworks */ = {
			isa = PBXFrameworksBuildPhase;
			buildActionMask = 2147483647;
			files = (
				EC6B2E89207BB658DBCC55CA /* Pods_saltside.framework in Frameworks */,
			);
			runOnlyForDeploymentPostprocessing = 0;
		};
		E0F9D9F225E2B06B0056CFC5 /* Frameworks */ = {
			isa = PBXFrameworksBuildPhase;
			buildActionMask = 2147483647;
			files = (
				8D2929D7B7293A432F127993 /* Pods_saltsideTests.framework in Frameworks */,
			);
			runOnlyForDeploymentPostprocessing = 0;
		};
		E0F9D9FD25E2B06B0056CFC5 /* Frameworks */ = {
			isa = PBXFrameworksBuildPhase;
			buildActionMask = 2147483647;
			files = (
				D022F12DDAEA826F0B74E32C /* Pods_saltside_saltsideUITests.framework in Frameworks */,
			);
			runOnlyForDeploymentPostprocessing = 0;
		};
/* End PBXFrameworksBuildPhase section */

/* Begin PBXGroup section */
		07AF871D0267C429D59D6C8C /* Pods */ = {
			isa = PBXGroup;
			children = (
				C5BD538BC30D99D48B6BADE6 /* Pods-saltside.debug.xcconfig */,
				6C9B915BB7DA7F3F28305420 /* Pods-saltside.release.xcconfig */,
				7FAB49C6E6AACA6D2B73AA5E /* Pods-saltside-saltsideUITests.debug.xcconfig */,
				E15D11A23CD059A68B0CDF26 /* Pods-saltside-saltsideUITests.release.xcconfig */,
				DF4AFAB0AB4CB64BA44EF673 /* Pods-saltsideTests.debug.xcconfig */,
				725F2AED41720983D615A1C4 /* Pods-saltsideTests.release.xcconfig */,
			);
			path = Pods;
			sourceTree = "<group>";
		};
		A686A84DDC33C269E5A390F0 /* Frameworks */ = {
			isa = PBXGroup;
			children = (
				0C80299D9461E18E0344B1F5 /* Pods_saltside.framework */,
				C7CEC478ECE5F93CE29077A3 /* Pods_saltside_saltsideUITests.framework */,
				656F8638D79F6AB524B424D8 /* Pods_saltsideTests.framework */,
			);
			name = Frameworks;
			sourceTree = "<group>";
		};
		E0F9D9D325E2B0670056CFC5 = {
			isa = PBXGroup;
			children = (
				E0F9D9DE25E2B0670056CFC5 /* saltside */,
				E0F9D9F825E2B06B0056CFC5 /* saltsideTests */,
				E0F9DA0325E2B06B0056CFC5 /* saltsideUITests */,
				E0F9D9DD25E2B0670056CFC5 /* Products */,
				07AF871D0267C429D59D6C8C /* Pods */,
				A686A84DDC33C269E5A390F0 /* Frameworks */,
			);
			sourceTree = "<group>";
		};
		E0F9D9DD25E2B0670056CFC5 /* Products */ = {
			isa = PBXGroup;
			children = (
				E0F9D9DC25E2B0670056CFC5 /* saltside.app */,
				E0F9D9F525E2B06B0056CFC5 /* saltsideTests.xctest */,
				E0F9DA0025E2B06B0056CFC5 /* saltsideUITests.xctest */,
			);
			name = Products;
			sourceTree = "<group>";
		};
		E0F9D9DE25E2B0670056CFC5 /* saltside */ = {
			isa = PBXGroup;
			children = (
				E0F9DA1525E2B5240056CFC5 /* Controllers */,
				E0F9DA1A25E2B58F0056CFC5 /* View Models */,
				E0F9DA1625E2B5380056CFC5 /* Models */,
				E0F9DA1425E2B4350056CFC5 /* View */,
				E0F9DA1825E2B5710056CFC5 /* Storyboards */,
				E0F9DA1725E2B5460056CFC5 /* Services */,
				E0F9DA1925E2B5840056CFC5 /* Utilities */,
				E0F9DA1225E2B3750056CFC5 /* Support */,
				E0F9D9EB25E2B06A0056CFC5 /* Assets.xcassets */,
				E0F9D9F025E2B06A0056CFC5 /* Info.plist */,
				E0F9D9E825E2B0670056CFC5 /* saltside.xcdatamodeld */,
			);
			path = saltside;
			sourceTree = "<group>";
		};
		E0F9D9F825E2B06B0056CFC5 /* saltsideTests */ = {
			isa = PBXGroup;
			children = (
				E0F9D9F925E2B06B0056CFC5 /* saltsideTests.swift */,
				E0F9D9FB25E2B06B0056CFC5 /* Info.plist */,
			);
			path = saltsideTests;
			sourceTree = "<group>";
		};
		E0F9DA0325E2B06B0056CFC5 /* saltsideUITests */ = {
			isa = PBXGroup;
			children = (
				E0F9DA0425E2B06B0056CFC5 /* saltsideUITests.swift */,
				E0F9DA0625E2B06B0056CFC5 /* Info.plist */,
			);
			path = saltsideUITests;
			sourceTree = "<group>";
		};
		E0F9DA1225E2B3750056CFC5 /* Support */ = {
			isa = PBXGroup;
			children = (
				E0F9D9DF25E2B0670056CFC5 /* AppDelegate.swift */,
				E0F9D9E125E2B0670056CFC5 /* SceneDelegate.swift */,
			);
			path = Support;
			sourceTree = "<group>";
		};
		E0F9DA1425E2B4350056CFC5 /* View */ = {
			isa = PBXGroup;
			children = (
				E0F9DA2125E2B8B50056CFC5 /* ItemCollectionViewCell.swift */,
				E0F9DA2325E2B9130056CFC5 /* CardView.swift */,
				E0F9DA3125E2C17F0056CFC5 /* SpinnerView.swift */,
				E0F9DA3525E2C22D0056CFC5 /* SSAlertVC.swift */,
			);
			path = View;
			sourceTree = "<group>";
		};
		E0F9DA1525E2B5240056CFC5 /* Controllers */ = {
			isa = PBXGroup;
			children = (
				E0F9DA1B25E2B6930056CFC5 /* ListViewController.swift */,
			);
			path = Controllers;
			sourceTree = "<group>";
		};
		E0F9DA1625E2B5380056CFC5 /* Models */ = {
			isa = PBXGroup;
			children = (
				E0F9DA2925E2BF220056CFC5 /* ItemDetail.swift */,
			);
			path = Models;
			sourceTree = "<group>";
		};
		E0F9DA1725E2B5460056CFC5 /* Services */ = {
			isa = PBXGroup;
			children = (
				E0F9DA2725E2BE1B0056CFC5 /* NetworkManager.swift */,
			);
			path = Services;
			sourceTree = "<group>";
		};
		E0F9DA1825E2B5710056CFC5 /* Storyboards */ = {
			isa = PBXGroup;
			children = (
				E0F9D9E525E2B0670056CFC5 /* Main.storyboard */,
				E0F9D9ED25E2B06A0056CFC5 /* LaunchScreen.storyboard */,
			);
			path = Storyboards;
			sourceTree = "<group>";
		};
		E0F9DA1925E2B5840056CFC5 /* Utilities */ = {
			isa = PBXGroup;
			children = (
				E0F9DA2525E2BA980056CFC5 /* UIView+Ext.swift */,
				E0F9DA2B25E2BF980056CFC5 /* SSErrors.swift */,
				E0F9DA2D25E2BFCC0056CFC5 /* Urls.swift */,
				E0F9DA2F25E2C1030056CFC5 /* UIViewController+Ext.swift */,
				E0F9DA3325E2C1F40056CFC5 /* ColourExtentions.swift */,
				E0F9DA3725E2C2760056CFC5 /* Constants.swift */,
			);
			path = Utilities;
			sourceTree = "<group>";
		};
		E0F9DA1A25E2B58F0056CFC5 /* View Models */ = {
			isa = PBXGroup;
			children = (
				E0F9DA3925E2CCC70056CFC5 /* ItemDetailViewModel.swift */,
			);
			path = "View Models";
			sourceTree = "<group>";
		};
/* End PBXGroup section */

/* Begin PBXNativeTarget section */
		E0F9D9DB25E2B0670056CFC5 /* saltside */ = {
			isa = PBXNativeTarget;
			buildConfigurationList = E0F9DA0925E2B06B0056CFC5 /* Build configuration list for PBXNativeTarget "saltside" */;
			buildPhases = (
				BC9CF2C6093F7909F417DB68 /* [CP] Check Pods Manifest.lock */,
				E0F9D9D825E2B0670056CFC5 /* Sources */,
				E0F9D9D925E2B0670056CFC5 /* Frameworks */,
				E0F9D9DA25E2B0670056CFC5 /* Resources */,
				D90B2254DC45236684024AD6 /* [CP] Embed Pods Frameworks */,
			);
			buildRules = (
			);
			dependencies = (
			);
			name = saltside;
			productName = saltside;
			productReference = E0F9D9DC25E2B0670056CFC5 /* saltside.app */;
			productType = "com.apple.product-type.application";
		};
		E0F9D9F425E2B06B0056CFC5 /* saltsideTests */ = {
			isa = PBXNativeTarget;
			buildConfigurationList = E0F9DA0C25E2B06B0056CFC5 /* Build configuration list for PBXNativeTarget "saltsideTests" */;
			buildPhases = (
				152C53534ACDE99C91B9941E /* [CP] Check Pods Manifest.lock */,
				E0F9D9F125E2B06B0056CFC5 /* Sources */,
				E0F9D9F225E2B06B0056CFC5 /* Frameworks */,
				E0F9D9F325E2B06B0056CFC5 /* Resources */,
			);
			buildRules = (
			);
			dependencies = (
				E0F9D9F725E2B06B0056CFC5 /* PBXTargetDependency */,
			);
			name = saltsideTests;
			productName = saltsideTests;
			productReference = E0F9D9F525E2B06B0056CFC5 /* saltsideTests.xctest */;
			productType = "com.apple.product-type.bundle.unit-test";
		};
		E0F9D9FF25E2B06B0056CFC5 /* saltsideUITests */ = {
			isa = PBXNativeTarget;
			buildConfigurationList = E0F9DA0F25E2B06B0056CFC5 /* Build configuration list for PBXNativeTarget "saltsideUITests" */;
			buildPhases = (
				04FF489B5314FE93F49FE132 /* [CP] Check Pods Manifest.lock */,
				E0F9D9FC25E2B06B0056CFC5 /* Sources */,
				E0F9D9FD25E2B06B0056CFC5 /* Frameworks */,
				E0F9D9FE25E2B06B0056CFC5 /* Resources */,
				BE62049BE687AF65E9413C0E /* [CP] Embed Pods Frameworks */,
			);
			buildRules = (
			);
			dependencies = (
				E0F9DA0225E2B06B0056CFC5 /* PBXTargetDependency */,
			);
			name = saltsideUITests;
			productName = saltsideUITests;
			productReference = E0F9DA0025E2B06B0056CFC5 /* saltsideUITests.xctest */;
			productType = "com.apple.product-type.bundle.ui-testing";
		};
/* End PBXNativeTarget section */

/* Begin PBXProject section */
		E0F9D9D425E2B0670056CFC5 /* Project object */ = {
			isa = PBXProject;
			attributes = {
				LastSwiftUpdateCheck = 1170;
				LastUpgradeCheck = 1170;
				ORGANIZATIONNAME = "Siddhesh Redkar";
				TargetAttributes = {
					E0F9D9DB25E2B0670056CFC5 = {
						CreatedOnToolsVersion = 11.7;
					};
					E0F9D9F425E2B06B0056CFC5 = {
						CreatedOnToolsVersion = 11.7;
						TestTargetID = E0F9D9DB25E2B0670056CFC5;
					};
					E0F9D9FF25E2B06B0056CFC5 = {
						CreatedOnToolsVersion = 11.7;
						TestTargetID = E0F9D9DB25E2B0670056CFC5;
					};
				};
			};
			buildConfigurationList = E0F9D9D725E2B0670056CFC5 /* Build configuration list for PBXProject "saltside" */;
			compatibilityVersion = "Xcode 9.3";
			developmentRegion = en;
			hasScannedForEncodings = 0;
			knownRegions = (
				en,
				Base,
			);
			mainGroup = E0F9D9D325E2B0670056CFC5;
			productRefGroup = E0F9D9DD25E2B0670056CFC5 /* Products */;
			projectDirPath = "";
			projectRoot = "";
			targets = (
				E0F9D9DB25E2B0670056CFC5 /* saltside */,
				E0F9D9F425E2B06B0056CFC5 /* saltsideTests */,
				E0F9D9FF25E2B06B0056CFC5 /* saltsideUITests */,
			);
		};
/* End PBXProject section */

/* Begin PBXResourcesBuildPhase section */
		E0F9D9DA25E2B0670056CFC5 /* Resources */ = {
			isa = PBXResourcesBuildPhase;
			buildActionMask = 2147483647;
			files = (
				E0F9D9EF25E2B06A0056CFC5 /* LaunchScreen.storyboard in Resources */,
				E0F9D9EC25E2B06A0056CFC5 /* Assets.xcassets in Resources */,
				E0F9D9E725E2B0670056CFC5 /* Main.storyboard in Resources */,
			);
			runOnlyForDeploymentPostprocessing = 0;
		};
		E0F9D9F325E2B06B0056CFC5 /* Resources */ = {
			isa = PBXResourcesBuildPhase;
			buildActionMask = 2147483647;
			files = (
			);
			runOnlyForDeploymentPostprocessing = 0;
		};
		E0F9D9FE25E2B06B0056CFC5 /* Resources */ = {
			isa = PBXResourcesBuildPhase;
			buildActionMask = 2147483647;
			files = (
			);
			runOnlyForDeploymentPostprocessing = 0;
		};
/* End PBXResourcesBuildPhase section */

/* Begin PBXShellScriptBuildPhase section */
		04FF489B5314FE93F49FE132 /* [CP] Check Pods Manifest.lock */ = {
			isa = PBXShellScriptBuildPhase;
			buildActionMask = 2147483647;
			files = (
			);
			inputFileListPaths = (
			);
			inputPaths = (
				"${PODS_PODFILE_DIR_PATH}/Podfile.lock",
				"${PODS_ROOT}/Manifest.lock",
			);
			name = "[CP] Check Pods Manifest.lock";
			outputFileListPaths = (
			);
			outputPaths = (
				"$(DERIVED_FILE_DIR)/Pods-saltside-saltsideUITests-checkManifestLockResult.txt",
			);
			runOnlyForDeploymentPostprocessing = 0;
			shellPath = /bin/sh;
			shellScript = "diff \"${PODS_PODFILE_DIR_PATH}/Podfile.lock\" \"${PODS_ROOT}/Manifest.lock\" > /dev/null\nif [ $? != 0 ] ; then\n    # print error to STDERR\n    echo \"error: The sandbox is not in sync with the Podfile.lock. Run 'pod install' or update your CocoaPods installation.\" >&2\n    exit 1\nfi\n# This output is used by Xcode 'outputs' to avoid re-running this script phase.\necho \"SUCCESS\" > \"${SCRIPT_OUTPUT_FILE_0}\"\n";
			showEnvVarsInLog = 0;
		};
		152C53534ACDE99C91B9941E /* [CP] Check Pods Manifest.lock */ = {
			isa = PBXShellScriptBuildPhase;
			buildActionMask = 2147483647;
			files = (
			);
			inputFileListPaths = (
			);
			inputPaths = (
				"${PODS_PODFILE_DIR_PATH}/Podfile.lock",
				"${PODS_ROOT}/Manifest.lock",
			);
			name = "[CP] Check Pods Manifest.lock";
			outputFileListPaths = (
			);
			outputPaths = (
				"$(DERIVED_FILE_DIR)/Pods-saltsideTests-checkManifestLockResult.txt",
			);
			runOnlyForDeploymentPostprocessing = 0;
			shellPath = /bin/sh;
			shellScript = "diff \"${PODS_PODFILE_DIR_PATH}/Podfile.lock\" \"${PODS_ROOT}/Manifest.lock\" > /dev/null\nif [ $? != 0 ] ; then\n    # print error to STDERR\n    echo \"error: The sandbox is not in sync with the Podfile.lock. Run 'pod install' or update your CocoaPods installation.\" >&2\n    exit 1\nfi\n# This output is used by Xcode 'outputs' to avoid re-running this script phase.\necho \"SUCCESS\" > \"${SCRIPT_OUTPUT_FILE_0}\"\n";
			showEnvVarsInLog = 0;
		};
		BC9CF2C6093F7909F417DB68 /* [CP] Check Pods Manifest.lock */ = {
			isa = PBXShellScriptBuildPhase;
			buildActionMask = 2147483647;
			files = (
			);
			inputFileListPaths = (
			);
			inputPaths = (
				"${PODS_PODFILE_DIR_PATH}/Podfile.lock",
				"${PODS_ROOT}/Manifest.lock",
			);
			name = "[CP] Check Pods Manifest.lock";
			outputFileListPaths = (
			);
			outputPaths = (
				"$(DERIVED_FILE_DIR)/Pods-saltside-checkManifestLockResult.txt",
			);
			runOnlyForDeploymentPostprocessing = 0;
			shellPath = /bin/sh;
			shellScript = "diff \"${PODS_PODFILE_DIR_PATH}/Podfile.lock\" \"${PODS_ROOT}/Manifest.lock\" > /dev/null\nif [ $? != 0 ] ; then\n    # print error to STDERR\n    echo \"error: The sandbox is not in sync with the Podfile.lock. Run 'pod install' or update your CocoaPods installation.\" >&2\n    exit 1\nfi\n# This output is used by Xcode 'outputs' to avoid re-running this script phase.\necho \"SUCCESS\" > \"${SCRIPT_OUTPUT_FILE_0}\"\n";
			showEnvVarsInLog = 0;
		};
		BE62049BE687AF65E9413C0E /* [CP] Embed Pods Frameworks */ = {
			isa = PBXShellScriptBuildPhase;
			buildActionMask = 2147483647;
			files = (
			);
			inputFileListPaths = (
				"${PODS_ROOT}/Target Support Files/Pods-saltside-saltsideUITests/Pods-saltside-saltsideUITests-frameworks-${CONFIGURATION}-input-files.xcfilelist",
			);
			name = "[CP] Embed Pods Frameworks";
			outputFileListPaths = (
				"${PODS_ROOT}/Target Support Files/Pods-saltside-saltsideUITests/Pods-saltside-saltsideUITests-frameworks-${CONFIGURATION}-output-files.xcfilelist",
			);
			runOnlyForDeploymentPostprocessing = 0;
			shellPath = /bin/sh;
			shellScript = "\"${PODS_ROOT}/Target Support Files/Pods-saltside-saltsideUITests/Pods-saltside-saltsideUITests-frameworks.sh\"\n";
			showEnvVarsInLog = 0;
		};
		D90B2254DC45236684024AD6 /* [CP] Embed Pods Frameworks */ = {
			isa = PBXShellScriptBuildPhase;
			buildActionMask = 2147483647;
			files = (
			);
			inputFileListPaths = (
				"${PODS_ROOT}/Target Support Files/Pods-saltside/Pods-saltside-frameworks-${CONFIGURATION}-input-files.xcfilelist",
			);
			name = "[CP] Embed Pods Frameworks";
			outputFileListPaths = (
				"${PODS_ROOT}/Target Support Files/Pods-saltside/Pods-saltside-frameworks-${CONFIGURATION}-output-files.xcfilelist",
			);
			runOnlyForDeploymentPostprocessing = 0;
			shellPath = /bin/sh;
			shellScript = "\"${PODS_ROOT}/Target Support Files/Pods-saltside/Pods-saltside-frameworks.sh\"\n";
			showEnvVarsInLog = 0;
		};
/* End PBXShellScriptBuildPhase section */

/* Begin PBXSourcesBuildPhase section */
		E0F9D9D825E2B0670056CFC5 /* Sources */ = {
			isa = PBXSourcesBuildPhase;
			buildActionMask = 2147483647;
			files = (
				E0F9DA2225E2B8B50056CFC5 /* ItemCollectionViewCell.swift in Sources */,
				E0F9DA3225E2C17F0056CFC5 /* SpinnerView.swift in Sources */,
				E0F9D9E025E2B0670056CFC5 /* AppDelegate.swift in Sources */,
				E0F9DA3025E2C1030056CFC5 /* UIViewController+Ext.swift in Sources */,
				E0F9D9EA25E2B0670056CFC5 /* saltside.xcdatamodeld in Sources */,
				E0F9DA3625E2C22D0056CFC5 /* SSAlertVC.swift in Sources */,
				E0F9DA1C25E2B6930056CFC5 /* ListViewController.swift in Sources */,
				E0F9DA3825E2C2760056CFC5 /* Constants.swift in Sources */,
				E0F9DA2E25E2BFCC0056CFC5 /* Urls.swift in Sources */,
				E0F9DA2C25E2BF980056CFC5 /* SSErrors.swift in Sources */,
				E0F9DA3425E2C1F40056CFC5 /* ColourExtentions.swift in Sources */,
				E0F9DA2A25E2BF220056CFC5 /* ItemDetail.swift in Sources */,
				E0F9DA3A25E2CCC70056CFC5 /* ItemDetailViewModel.swift in Sources */,
				E0F9DA2825E2BE1B0056CFC5 /* NetworkManager.swift in Sources */,
				E0F9DA2625E2BA980056CFC5 /* UIView+Ext.swift in Sources */,
				E0F9DA2425E2B9130056CFC5 /* CardView.swift in Sources */,
				E0F9D9E225E2B0670056CFC5 /* SceneDelegate.swift in Sources */,
			);
			runOnlyForDeploymentPostprocessing = 0;
		};
		E0F9D9F125E2B06B0056CFC5 /* Sources */ = {
			isa = PBXSourcesBuildPhase;
			buildActionMask = 2147483647;
			files = (
				E0F9D9FA25E2B06B0056CFC5 /* saltsideTests.swift in Sources */,
			);
			runOnlyForDeploymentPostprocessing = 0;
		};
		E0F9D9FC25E2B06B0056CFC5 /* Sources */ = {
			isa = PBXSourcesBuildPhase;
			buildActionMask = 2147483647;
			files = (
				E0F9DA0525E2B06B0056CFC5 /* saltsideUITests.swift in Sources */,
			);
			runOnlyForDeploymentPostprocessing = 0;
		};
/* End PBXSourcesBuildPhase section */

/* Begin PBXTargetDependency section */
		E0F9D9F725E2B06B0056CFC5 /* PBXTargetDependency */ = {
			isa = PBXTargetDependency;
			target = E0F9D9DB25E2B0670056CFC5 /* saltside */;
			targetProxy = E0F9D9F625E2B06B0056CFC5 /* PBXContainerItemProxy */;
		};
		E0F9DA0225E2B06B0056CFC5 /* PBXTargetDependency */ = {
			isa = PBXTargetDependency;
			target = E0F9D9DB25E2B0670056CFC5 /* saltside */;
			targetProxy = E0F9DA0125E2B06B0056CFC5 /* PBXContainerItemProxy */;
		};
/* End PBXTargetDependency section */

/* Begin PBXVariantGroup section */
		E0F9D9E525E2B0670056CFC5 /* Main.storyboard */ = {
			isa = PBXVariantGroup;
			children = (
				E0F9D9E625E2B0670056CFC5 /* Base */,
			);
			name = Main.storyboard;
			sourceTree = "<group>";
		};
		E0F9D9ED25E2B06A0056CFC5 /* LaunchScreen.storyboard */ = {
			isa = PBXVariantGroup;
			children = (
				E0F9D9EE25E2B06A0056CFC5 /* Base */,
			);
			name = LaunchScreen.storyboard;
			sourceTree = "<group>";
		};
/* End PBXVariantGroup section */

/* Begin XCBuildConfiguration section */
		E0F9DA0725E2B06B0056CFC5 /* Debug */ = {
			isa = XCBuildConfiguration;
			buildSettings = {
				ALWAYS_SEARCH_USER_PATHS = NO;
				CLANG_ANALYZER_NONNULL = YES;
				CLANG_ANALYZER_NUMBER_OBJECT_CONVERSION = YES_AGGRESSIVE;
				CLANG_CXX_LANGUAGE_STANDARD = "gnu++14";
				CLANG_CXX_LIBRARY = "libc++";
				CLANG_ENABLE_MODULES = YES;
				CLANG_ENABLE_OBJC_ARC = YES;
				CLANG_ENABLE_OBJC_WEAK = YES;
				CLANG_WARN_BLOCK_CAPTURE_AUTORELEASING = YES;
				CLANG_WARN_BOOL_CONVERSION = YES;
				CLANG_WARN_COMMA = YES;
				CLANG_WARN_CONSTANT_CONVERSION = YES;
				CLANG_WARN_DEPRECATED_OBJC_IMPLEMENTATIONS = YES;
				CLANG_WARN_DIRECT_OBJC_ISA_USAGE = YES_ERROR;
				CLANG_WARN_DOCUMENTATION_COMMENTS = YES;
				CLANG_WARN_EMPTY_BODY = YES;
				CLANG_WARN_ENUM_CONVERSION = YES;
				CLANG_WARN_INFINITE_RECURSION = YES;
				CLANG_WARN_INT_CONVERSION = YES;
				CLANG_WARN_NON_LITERAL_NULL_CONVERSION = YES;
				CLANG_WARN_OBJC_IMPLICIT_RETAIN_SELF = YES;
				CLANG_WARN_OBJC_LITERAL_CONVERSION = YES;
				CLANG_WARN_OBJC_ROOT_CLASS = YES_ERROR;
				CLANG_WARN_RANGE_LOOP_ANALYSIS = YES;
				CLANG_WARN_STRICT_PROTOTYPES = YES;
				CLANG_WARN_SUSPICIOUS_MOVE = YES;
				CLANG_WARN_UNGUARDED_AVAILABILITY = YES_AGGRESSIVE;
				CLANG_WARN_UNREACHABLE_CODE = YES;
				CLANG_WARN__DUPLICATE_METHOD_MATCH = YES;
				COPY_PHASE_STRIP = NO;
				DEBUG_INFORMATION_FORMAT = dwarf;
				ENABLE_STRICT_OBJC_MSGSEND = YES;
				ENABLE_TESTABILITY = YES;
				GCC_C_LANGUAGE_STANDARD = gnu11;
				GCC_DYNAMIC_NO_PIC = NO;
				GCC_NO_COMMON_BLOCKS = YES;
				GCC_OPTIMIZATION_LEVEL = 0;
				GCC_PREPROCESSOR_DEFINITIONS = (
					"DEBUG=1",
					"$(inherited)",
				);
				GCC_WARN_64_TO_32_BIT_CONVERSION = YES;
				GCC_WARN_ABOUT_RETURN_TYPE = YES_ERROR;
				GCC_WARN_UNDECLARED_SELECTOR = YES;
				GCC_WARN_UNINITIALIZED_AUTOS = YES_AGGRESSIVE;
				GCC_WARN_UNUSED_FUNCTION = YES;
				GCC_WARN_UNUSED_VARIABLE = YES;
				IPHONEOS_DEPLOYMENT_TARGET = 13.7;
				MTL_ENABLE_DEBUG_INFO = INCLUDE_SOURCE;
				MTL_FAST_MATH = YES;
				ONLY_ACTIVE_ARCH = YES;
				SDKROOT = iphoneos;
				SWIFT_ACTIVE_COMPILATION_CONDITIONS = DEBUG;
				SWIFT_OPTIMIZATION_LEVEL = "-Onone";
			};
			name = Debug;
		};
		E0F9DA0825E2B06B0056CFC5 /* Release */ = {
			isa = XCBuildConfiguration;
			buildSettings = {
				ALWAYS_SEARCH_USER_PATHS = NO;
				CLANG_ANALYZER_NONNULL = YES;
				CLANG_ANALYZER_NUMBER_OBJECT_CONVERSION = YES_AGGRESSIVE;
				CLANG_CXX_LANGUAGE_STANDARD = "gnu++14";
				CLANG_CXX_LIBRARY = "libc++";
				CLANG_ENABLE_MODULES = YES;
				CLANG_ENABLE_OBJC_ARC = YES;
				CLANG_ENABLE_OBJC_WEAK = YES;
				CLANG_WARN_BLOCK_CAPTURE_AUTORELEASING = YES;
				CLANG_WARN_BOOL_CONVERSION = YES;
				CLANG_WARN_COMMA = YES;
				CLANG_WARN_CONSTANT_CONVERSION = YES;
				CLANG_WARN_DEPRECATED_OBJC_IMPLEMENTATIONS = YES;
				CLANG_WARN_DIRECT_OBJC_ISA_USAGE = YES_ERROR;
				CLANG_WARN_DOCUMENTATION_COMMENTS = YES;
				CLANG_WARN_EMPTY_BODY = YES;
				CLANG_WARN_ENUM_CONVERSION = YES;
				CLANG_WARN_INFINITE_RECURSION = YES;
				CLANG_WARN_INT_CONVERSION = YES;
				CLANG_WARN_NON_LITERAL_NULL_CONVERSION = YES;
				CLANG_WARN_OBJC_IMPLICIT_RETAIN_SELF = YES;
				CLANG_WARN_OBJC_LITERAL_CONVERSION = YES;
				CLANG_WARN_OBJC_ROOT_CLASS = YES_ERROR;
				CLANG_WARN_RANGE_LOOP_ANALYSIS = YES;
				CLANG_WARN_STRICT_PROTOTYPES = YES;
				CLANG_WARN_SUSPICIOUS_MOVE = YES;
				CLANG_WARN_UNGUARDED_AVAILABILITY = YES_AGGRESSIVE;
				CLANG_WARN_UNREACHABLE_CODE = YES;
				CLANG_WARN__DUPLICATE_METHOD_MATCH = YES;
				COPY_PHASE_STRIP = NO;
				DEBUG_INFORMATION_FORMAT = "dwarf-with-dsym";
				ENABLE_NS_ASSERTIONS = NO;
				ENABLE_STRICT_OBJC_MSGSEND = YES;
				GCC_C_LANGUAGE_STANDARD = gnu11;
				GCC_NO_COMMON_BLOCKS = YES;
				GCC_WARN_64_TO_32_BIT_CONVERSION = YES;
				GCC_WARN_ABOUT_RETURN_TYPE = YES_ERROR;
				GCC_WARN_UNDECLARED_SELECTOR = YES;
				GCC_WARN_UNINITIALIZED_AUTOS = YES_AGGRESSIVE;
				GCC_WARN_UNUSED_FUNCTION = YES;
				GCC_WARN_UNUSED_VARIABLE = YES;
				IPHONEOS_DEPLOYMENT_TARGET = 13.7;
				MTL_ENABLE_DEBUG_INFO = NO;
				MTL_FAST_MATH = YES;
				SDKROOT = iphoneos;
				SWIFT_COMPILATION_MODE = wholemodule;
				SWIFT_OPTIMIZATION_LEVEL = "-O";
				VALIDATE_PRODUCT = YES;
			};
			name = Release;
		};
		E0F9DA0A25E2B06B0056CFC5 /* Debug */ = {
			isa = XCBuildConfiguration;
			baseConfigurationReference = C5BD538BC30D99D48B6BADE6 /* Pods-saltside.debug.xcconfig */;
			buildSettings = {
				ASSETCATALOG_COMPILER_APPICON_NAME = AppIcon;
				CODE_SIGN_STYLE = Automatic;
				DEVELOPMENT_TEAM = 7D4S6RHL55;
				INFOPLIST_FILE = saltside/Info.plist;
				LD_RUNPATH_SEARCH_PATHS = (
					"$(inherited)",
					"@executable_path/Frameworks",
				);
				PRODUCT_BUNDLE_IDENTIFIER = com.technologies.saltside;
				PRODUCT_NAME = "$(TARGET_NAME)";
				SWIFT_VERSION = 5.0;
				TARGETED_DEVICE_FAMILY = "1,2";
			};
			name = Debug;
		};
		E0F9DA0B25E2B06B0056CFC5 /* Release */ = {
			isa = XCBuildConfiguration;
			baseConfigurationReference = 6C9B915BB7DA7F3F28305420 /* Pods-saltside.release.xcconfig */;
			buildSettings = {
				ASSETCATALOG_COMPILER_APPICON_NAME = AppIcon;
				CODE_SIGN_STYLE = Automatic;
				DEVELOPMENT_TEAM = 7D4S6RHL55;
				INFOPLIST_FILE = saltside/Info.plist;
				LD_RUNPATH_SEARCH_PATHS = (
					"$(inherited)",
					"@executable_path/Frameworks",
				);
				PRODUCT_BUNDLE_IDENTIFIER = com.technologies.saltside;
				PRODUCT_NAME = "$(TARGET_NAME)";
				SWIFT_VERSION = 5.0;
				TARGETED_DEVICE_FAMILY = "1,2";
			};
			name = Release;
		};
		E0F9DA0D25E2B06B0056CFC5 /* Debug */ = {
			isa = XCBuildConfiguration;
			baseConfigurationReference = DF4AFAB0AB4CB64BA44EF673 /* Pods-saltsideTests.debug.xcconfig */;
			buildSettings = {
				ALWAYS_EMBED_SWIFT_STANDARD_LIBRARIES = YES;
				BUNDLE_LOADER = "$(TEST_HOST)";
				CODE_SIGN_STYLE = Automatic;
				DEVELOPMENT_TEAM = 7D4S6RHL55;
				INFOPLIST_FILE = saltsideTests/Info.plist;
				IPHONEOS_DEPLOYMENT_TARGET = 13.7;
				LD_RUNPATH_SEARCH_PATHS = (
					"$(inherited)",
					"@executable_path/Frameworks",
					"@loader_path/Frameworks",
				);
				PRODUCT_BUNDLE_IDENTIFIER = com.technologies.saltsideTests;
				PRODUCT_NAME = "$(TARGET_NAME)";
				SWIFT_VERSION = 5.0;
				TARGETED_DEVICE_FAMILY = "1,2";
				TEST_HOST = "$(BUILT_PRODUCTS_DIR)/saltside.app/saltside";
			};
			name = Debug;
		};
		E0F9DA0E25E2B06B0056CFC5 /* Release */ = {
			isa = XCBuildConfiguration;
			baseConfigurationReference = 725F2AED41720983D615A1C4 /* Pods-saltsideTests.release.xcconfig */;
			buildSettings = {
				ALWAYS_EMBED_SWIFT_STANDARD_LIBRARIES = YES;
				BUNDLE_LOADER = "$(TEST_HOST)";
				CODE_SIGN_STYLE = Automatic;
				DEVELOPMENT_TEAM = 7D4S6RHL55;
				INFOPLIST_FILE = saltsideTests/Info.plist;
				IPHONEOS_DEPLOYMENT_TARGET = 13.7;
				LD_RUNPATH_SEARCH_PATHS = (
					"$(inherited)",
					"@executable_path/Frameworks",
					"@loader_path/Frameworks",
				);
				PRODUCT_BUNDLE_IDENTIFIER = com.technologies.saltsideTests;
				PRODUCT_NAME = "$(TARGET_NAME)";
				SWIFT_VERSION = 5.0;
				TARGETED_DEVICE_FAMILY = "1,2";
				TEST_HOST = "$(BUILT_PRODUCTS_DIR)/saltside.app/saltside";
			};
			name = Release;
		};
		E0F9DA1025E2B06B0056CFC5 /* Debug */ = {
			isa = XCBuildConfiguration;
			baseConfigurationReference = 7FAB49C6E6AACA6D2B73AA5E /* Pods-saltside-saltsideUITests.debug.xcconfig */;
			buildSettings = {
				ALWAYS_EMBED_SWIFT_STANDARD_LIBRARIES = YES;
				CODE_SIGN_STYLE = Automatic;
				DEVELOPMENT_TEAM = 7D4S6RHL55;
				INFOPLIST_FILE = saltsideUITests/Info.plist;
				LD_RUNPATH_SEARCH_PATHS = (
					"$(inherited)",
					"@executable_path/Frameworks",
					"@loader_path/Frameworks",
				);
				PRODUCT_BUNDLE_IDENTIFIER = com.technologies.saltsideUITests;
				PRODUCT_NAME = "$(TARGET_NAME)";
				SWIFT_VERSION = 5.0;
				TARGETED_DEVICE_FAMILY = "1,2";
				TEST_TARGET_NAME = saltside;
			};
			name = Debug;
		};
		E0F9DA1125E2B06B0056CFC5 /* Release */ = {
			isa = XCBuildConfiguration;
			baseConfigurationReference = E15D11A23CD059A68B0CDF26 /* Pods-saltside-saltsideUITests.release.xcconfig */;
			buildSettings = {
				ALWAYS_EMBED_SWIFT_STANDARD_LIBRARIES = YES;
				CODE_SIGN_STYLE = Automatic;
				DEVELOPMENT_TEAM = 7D4S6RHL55;
				INFOPLIST_FILE = saltsideUITests/Info.plist;
				LD_RUNPATH_SEARCH_PATHS = (
					"$(inherited)",
					"@executable_path/Frameworks",
					"@loader_path/Frameworks",
				);
				PRODUCT_BUNDLE_IDENTIFIER = com.technologies.saltsideUITests;
				PRODUCT_NAME = "$(TARGET_NAME)";
				SWIFT_VERSION = 5.0;
				TARGETED_DEVICE_FAMILY = "1,2";
				TEST_TARGET_NAME = saltside;
			};
			name = Release;
		};
/* End XCBuildConfiguration section */

/* Begin XCConfigurationList section */
		E0F9D9D725E2B0670056CFC5 /* Build configuration list for PBXProject "saltside" */ = {
			isa = XCConfigurationList;
			buildConfigurations = (
				E0F9DA0725E2B06B0056CFC5 /* Debug */,
				E0F9DA0825E2B06B0056CFC5 /* Release */,
			);
			defaultConfigurationIsVisible = 0;
			defaultConfigurationName = Release;
		};
		E0F9DA0925E2B06B0056CFC5 /* Build configuration list for PBXNativeTarget "saltside" */ = {
			isa = XCConfigurationList;
			buildConfigurations = (
				E0F9DA0A25E2B06B0056CFC5 /* Debug */,
				E0F9DA0B25E2B06B0056CFC5 /* Release */,
			);
			defaultConfigurationIsVisible = 0;
			defaultConfigurationName = Release;
		};
		E0F9DA0C25E2B06B0056CFC5 /* Build configuration list for PBXNativeTarget "saltsideTests" */ = {
			isa = XCConfigurationList;
			buildConfigurations = (
				E0F9DA0D25E2B06B0056CFC5 /* Debug */,
				E0F9DA0E25E2B06B0056CFC5 /* Release */,
			);
			defaultConfigurationIsVisible = 0;
			defaultConfigurationName = Release;
		};
		E0F9DA0F25E2B06B0056CFC5 /* Build configuration list for PBXNativeTarget "saltsideUITests" */ = {
			isa = XCConfigurationList;
			buildConfigurations = (
				E0F9DA1025E2B06B0056CFC5 /* Debug */,
				E0F9DA1125E2B06B0056CFC5 /* Release */,
			);
			defaultConfigurationIsVisible = 0;
			defaultConfigurationName = Release;
		};
/* End XCConfigurationList section */

/* Begin XCVersionGroup section */
		E0F9D9E825E2B0670056CFC5 /* saltside.xcdatamodeld */ = {
			isa = XCVersionGroup;
			children = (
				E0F9D9E925E2B0670056CFC5 /* saltside.xcdatamodel */,
			);
			currentVersion = E0F9D9E925E2B0670056CFC5 /* saltside.xcdatamodel */;
			path = saltside.xcdatamodeld;
			sourceTree = "<group>";
			versionGroupType = wrapper.xcdatamodel;
		};
/* End XCVersionGroup section */
	};
	rootObject = E0F9D9D425E2B0670056CFC5 /* Project object */;
}
